
Microsoft Visual Studio Solution File, Format Version 12.00
# Visual Studio 15
VisualStudioVersion = 15.0.27703.2035
MinimumVisualStudioVersion = 10.0.40219.1
Project("{FAE04EC0-301F-11D3-BF4B-00C04F79EFBC}") = "LocalNot.Android", "LocalNot\LocalNot.Android\LocalNot.Android.csproj", "{8638B8C8-3E6B-4DCA-9F86-7F74106BE539}"
EndProject
Project("{FAE04EC0-301F-11D3-BF4B-00C04F79EFBC}") = "LocalNot.iOS", "LocalNot\LocalNot.iOS\LocalNot.iOS.csproj", "{474079AB-29E8-4851-A770-F49DE286B039}"
EndProject
Project("{FAE04EC0-301F-11D3-BF4B-00C04F79EFBC}") = "LocalNot.UWP", "LocalNot\LocalNot.UWP\LocalNot.UWP.csproj", "{38DCA4E4-1E6A-4C09-9F7F-848A4B9B5E52}"
EndProject
Project("{FAE04EC0-301F-11D3-BF4B-00C04F79EFBC}") = "LocalNot", "LocalNot\LocalNot\LocalNot.csproj", "{E9C97480-FDBD-4C49-AC95-17CD493D51FC}"
EndProject
Global
	GlobalSection(SolutionConfigurationPlatforms) = preSolution
		Ad-Hoc|Any CPU = Ad-Hoc|Any CPU
		Ad-Hoc|ARM = Ad-Hoc|ARM
		Ad-Hoc|iPhone = Ad-Hoc|iPhone
		Ad-Hoc|iPhoneSimulator = Ad-Hoc|iPhoneSimulator
		Ad-Hoc|x64 = Ad-Hoc|x64
		Ad-Hoc|x86 = Ad-Hoc|x86
		AppStore|Any CPU = AppStore|Any CPU
		AppStore|ARM = AppStore|ARM
		AppStore|iPhone = AppStore|iPhone
		AppStore|iPhoneSimulator = AppStore|iPhoneSimulator
		AppStore|x64 = AppStore|x64
		AppStore|x86 = AppStore|x86
		Debug|Any CPU = Debug|Any CPU
		Debug|ARM = Debug|ARM
		Debug|iPhone = Debug|iPhone
		Debug|iPhoneSimulator = Debug|iPhoneSimulator
		Debug|x64 = Debug|x64
		Debug|x86 = Debug|x86
		Release|Any CPU = Release|Any CPU
		Release|ARM = Release|ARM
		Release|iPhone = Release|iPhone
		Release|iPhoneSimulator = Release|iPhoneSimulator
		Release|x64 = Release|x64
		Release|x86 = Release|x86
	EndGlobalSection
	GlobalSection(ProjectConfigurationPlatforms) = postSolution
		{8638B8C8-3E6B-4DCA-9F86-7F74106BE539}.Ad-Hoc|Any CPU.ActiveCfg = Release|Any CPU
		{8638B8C8-3E6B-4DCA-9F86-7F74106BE539}.Ad-Hoc|Any CPU.Build.0 = Release|Any CPU
		{8638B8C8-3E6B-4DCA-9F86-7F74106BE539}.Ad-Hoc|Any CPU.Deploy.0 = Release|Any CPU
		{8638B8C8-3E6B-4DCA-9F86-7F74106BE539}.Ad-Hoc|ARM.ActiveCfg = Release|Any CPU
		{8638B8C8-3E6B-4DCA-9F86-7F74106BE539}.Ad-Hoc|ARM.Build.0 = Release|Any CPU
		{8638B8C8-3E6B-4DCA-9F86-7F74106BE539}.Ad-Hoc|ARM.Deploy.0 = Release|Any CPU
		{8638B8C8-3E6B-4DCA-9F86-7F74106BE539}.Ad-Hoc|iPhone.ActiveCfg = Release|Any CPU
		{8638B8C8-3E6B-4DCA-9F86-7F74106BE539}.Ad-Hoc|iPhone.Build.0 = Release|Any CPU
		{8638B8C8-3E6B-4DCA-9F86-7F74106BE539}.Ad-Hoc|iPhone.Deploy.0 = Release|Any CPU
		{8638B8C8-3E6B-4DCA-9F86-7F74106BE539}.Ad-Hoc|iPhoneSimulator.ActiveCfg = Release|Any CPU
		{8638B8C8-3E6B-4DCA-9F86-7F74106BE539}.Ad-Hoc|iPhoneSimulator.Build.0 = Release|Any CPU
		{8638B8C8-3E6B-4DCA-9F86-7F74106BE539}.Ad-Hoc|iPhoneSimulator.Deploy.0 = Release|Any CPU
		{8638B8C8-3E6B-4DCA-9F86-7F74106BE539}.Ad-Hoc|x64.ActiveCfg = Release|Any CPU
		{8638B8C8-3E6B-4DCA-9F86-7F74106BE539}.Ad-Hoc|x64.Build.0 = Release|Any CPU
		{8638B8C8-3E6B-4DCA-9F86-7F74106BE539}.Ad-Hoc|x64.Deploy.0 = Release|Any CPU
		{8638B8C8-3E6B-4DCA-9F86-7F74106BE539}.Ad-Hoc|x86.ActiveCfg = Release|Any CPU
		{8638B8C8-3E6B-4DCA-9F86-7F74106BE539}.Ad-Hoc|x86.Build.0 = Release|Any CPU
		{8638B8C8-3E6B-4DCA-9F86-7F74106BE539}.Ad-Hoc|x86.Deploy.0 = Release|Any CPU
		{8638B8C8-3E6B-4DCA-9F86-7F74106BE539}.AppStore|Any CPU.ActiveCfg = Release|Any CPU
		{8638B8C8-3E6B-4DCA-9F86-7F74106BE539}.AppStore|Any CPU.Build.0 = Release|Any CPU
		{8638B8C8-3E6B-4DCA-9F86-7F74106BE539}.AppStore|Any CPU.Deploy.0 = Release|Any CPU
		{8638B8C8-3E6B-4DCA-9F86-7F74106BE539}.AppStore|ARM.ActiveCfg = Release|Any CPU
		{8638B8C8-3E6B-4DCA-9F86-7F74106BE539}.AppStore|ARM.Build.0 = Release|Any CPU
		{8638B8C8-3E6B-4DCA-9F86-7F74106BE539}.AppStore|ARM.Deploy.0 = Release|Any CPU
		{8638B8C8-3E6B-4DCA-9F86-7F74106BE539}.AppStore|iPhone.ActiveCfg = Release|Any CPU
		{8638B8C8-3E6B-4DCA-9F86-7F74106BE539}.AppStore|iPhone.Build.0 = Release|Any CPU
		{8638B8C8-3E6B-4DCA-9F86-7F74106BE539}.AppStore|iPhone.Deploy.0 = Release|Any CPU
		{8638B8C8-3E6B-4DCA-9F86-7F74106BE539}.AppStore|iPhoneSimulator.ActiveCfg = Release|Any CPU
		{8638B8C8-3E6B-4DCA-9F86-7F74106BE539}.AppStore|iPhoneSimulator.Build.0 = Release|Any CPU
		{8638B8C8-3E6B-4DCA-9F86-7F74106BE539}.AppStore|iPhoneSimulator.Deploy.0 = Release|Any CPU
		{8638B8C8-3E6B-4DCA-9F86-7F74106BE539}.AppStore|x64.ActiveCfg = Release|Any CPU
		{8638B8C8-3E6B-4DCA-9F86-7F74106BE539}.AppStore|x64.Build.0 = Release|Any CPU
		{8638B8C8-3E6B-4DCA-9F86-7F74106BE539}.AppStore|x64.Deploy.0 = Release|Any CPU
		{8638B8C8-3E6B-4DCA-9F86-7F74106BE539}.AppStore|x86.ActiveCfg = Release|Any CPU
		{8638B8C8-3E6B-4DCA-9F86-7F74106BE539}.AppStore|x86.Build.0 = Release|Any CPU
		{8638B8C8-3E6B-4DCA-9F86-7F74106BE539}.AppStore|x86.Deploy.0 = Release|Any CPU
		{8638B8C8-3E6B-4DCA-9F86-7F74106BE539}.Debug|Any CPU.ActiveCfg = Debug|Any CPU
		{8638B8C8-3E6B-4DCA-9F86-7F74106BE539}.Debug|Any CPU.Build.0 = Debug|Any CPU
		{8638B8C8-3E6B-4DCA-9F86-7F74106BE539}.Debug|Any CPU.Deploy.0 = Debug|Any CPU
		{8638B8C8-3E6B-4DCA-9F86-7F74106BE539}.Debug|ARM.ActiveCfg = Debug|Any CPU
		{8638B8C8-3E6B-4DCA-9F86-7F74106BE539}.Debug|ARM.Build.0 = Debug|Any CPU
		{8638B8C8-3E6B-4DCA-9F86-7F74106BE539}.Debug|ARM.Deploy.0 = Debug|Any CPU
		{8638B8C8-3E6B-4DCA-9F86-7F74106BE539}.Debug|iPhone.ActiveCfg = Debug|Any CPU
		{8638B8C8-3E6B-4DCA-9F86-7F74106BE539}.Debug|iPhone.Build.0 = Debug|Any CPU
		{8638B8C8-3E6B-4DCA-9F86-7F74106BE539}.Debug|iPhone.Deploy.0 = Debug|Any CPU
		{8638B8C8-3E6B-4DCA-9F86-7F74106BE539}.Debug|iPhoneSimulator.ActiveCfg = Debug|Any CPU
		{8638B8C8-3E6B-4DCA-9F86-7F74106BE539}.Debug|iPhoneSimulator.Build.0 = Debug|Any CPU
		{8638B8C8-3E6B-4DCA-9F86-7F74106BE539}.Debug|iPhoneSimulator.Deploy.0 = Debug|Any CPU
		{8638B8C8-3E6B-4DCA-9F86-7F74106BE539}.Debug|x64.ActiveCfg = Debug|Any CPU
		{8638B8C8-3E6B-4DCA-9F86-7F74106BE539}.Debug|x64.Build.0 = Debug|Any CPU
		{8638B8C8-3E6B-4DCA-9F86-7F74106BE539}.Debug|x64.Deploy.0 = Debug|Any CPU
		{8638B8C8-3E6B-4DCA-9F86-7F74106BE539}.Debug|x86.ActiveCfg = Debug|Any CPU
		{8638B8C8-3E6B-4DCA-9F86-7F74106BE539}.Debug|x86.Build.0 = Debug|Any CPU
		{8638B8C8-3E6B-4DCA-9F86-7F74106BE539}.Debug|x86.Deploy.0 = Debug|Any CPU
		{8638B8C8-3E6B-4DCA-9F86-7F74106BE539}.Release|Any CPU.ActiveCfg = Release|Any CPU
		{8638B8C8-3E6B-4DCA-9F86-7F74106BE539}.Release|Any CPU.Build.0 = Release|Any CPU
		{8638B8C8-3E6B-4DCA-9F86-7F74106BE539}.Release|Any CPU.Deploy.0 = Release|Any CPU
		{8638B8C8-3E6B-4DCA-9F86-7F74106BE539}.Release|ARM.ActiveCfg = Release|Any CPU
		{8638B8C8-3E6B-4DCA-9F86-7F74106BE539}.Release|ARM.Build.0 = Release|Any CPU
		{8638B8C8-3E6B-4DCA-9F86-7F74106BE539}.Release|ARM.Deploy.0 = Release|Any CPU
		{8638B8C8-3E6B-4DCA-9F86-7F74106BE539}.Release|iPhone.ActiveCfg = Release|Any CPU
		{8638B8C8-3E6B-4DCA-9F86-7F74106BE539}.Release|iPhone.Build.0 = Release|Any CPU
		{8638B8C8-3E6B-4DCA-9F86-7F74106BE539}.Release|iPhone.Deploy.0 = Release|Any CPU
		{8638B8C8-3E6B-4DCA-9F86-7F74106BE539}.Release|iPhoneSimulator.ActiveCfg = Release|Any CPU
		{8638B8C8-3E6B-4DCA-9F86-7F74106BE539}.Release|iPhoneSimulator.Build.0 = Release|Any CPU
		{8638B8C8-3E6B-4DCA-9F86-7F74106BE539}.Release|iPhoneSimulator.Deploy.0 = Release|Any CPU
		{8638B8C8-3E6B-4DCA-9F86-7F74106BE539}.Release|x64.ActiveCfg = Release|Any CPU
		{8638B8C8-3E6B-4DCA-9F86-7F74106BE539}.Release|x64.Build.0 = Release|Any CPU
		{8638B8C8-3E6B-4DCA-9F86-7F74106BE539}.Release|x64.Deploy.0 = Release|Any CPU
		{8638B8C8-3E6B-4DCA-9F86-7F74106BE539}.Release|x86.ActiveCfg = Release|Any CPU
		{8638B8C8-3E6B-4DCA-9F86-7F74106BE539}.Release|x86.Build.0 = Release|Any CPU
		{8638B8C8-3E6B-4DCA-9F86-7F74106BE539}.Release|x86.Deploy.0 = Release|Any CPU
		{474079AB-29E8-4851-A770-F49DE286B039}.Ad-Hoc|Any CPU.ActiveCfg = Ad-Hoc|iPhone
		{474079AB-29E8-4851-A770-F49DE286B039}.Ad-Hoc|Any CPU.Build.0 = Ad-Hoc|iPhone
		{474079AB-29E8-4851-A770-F49DE286B039}.Ad-Hoc|Any CPU.Deploy.0 = Ad-Hoc|iPhone
		{474079AB-29E8-4851-A770-F49DE286B039}.Ad-Hoc|ARM.ActiveCfg = Ad-Hoc|iPhone
		{474079AB-29E8-4851-A770-F49DE286B039}.Ad-Hoc|ARM.Build.0 = Ad-Hoc|iPhone
		{474079AB-29E8-4851-A770-F49DE286B039}.Ad-Hoc|ARM.Deploy.0 = Ad-Hoc|iPhone
		{474079AB-29E8-4851-A770-F49DE286B039}.Ad-Hoc|iPhone.ActiveCfg = Ad-Hoc|iPhone
		{474079AB-29E8-4851-A770-F49DE286B039}.Ad-Hoc|iPhone.Build.0 = Ad-Hoc|iPhone
		{474079AB-29E8-4851-A770-F49DE286B039}.Ad-Hoc|iPhone.Deploy.0 = Ad-Hoc|iPhone
		{474079AB-29E8-4851-A770-F49DE286B039}.Ad-Hoc|iPhoneSimulator.ActiveCfg = Ad-Hoc|iPhoneSimulator
		{474079AB-29E8-4851-A770-F49DE286B039}.Ad-Hoc|iPhoneSimulator.Build.0 = Ad-Hoc|iPhoneSimulator
		{474079AB-29E8-4851-A770-F49DE286B039}.Ad-Hoc|iPhoneSimulator.Deploy.0 = Ad-Hoc|iPhoneSimulator
		{474079AB-29E8-4851-A770-F49DE286B039}.Ad-Hoc|x64.ActiveCfg = Ad-Hoc|iPhone
		{474079AB-29E8-4851-A770-F49DE286B039}.Ad-Hoc|x64.Build.0 = Ad-Hoc|iPhone
		{474079AB-29E8-4851-A770-F49DE286B039}.Ad-Hoc|x64.Deploy.0 = Ad-Hoc|iPhone
		{474079AB-29E8-4851-A770-F49DE286B039}.Ad-Hoc|x86.ActiveCfg = Ad-Hoc|iPhone
		{474079AB-29E8-4851-A770-F49DE286B039}.Ad-Hoc|x86.Build.0 = Ad-Hoc|iPhone
		{474079AB-29E8-4851-A770-F49DE286B039}.Ad-Hoc|x86.Deploy.0 = Ad-Hoc|iPhone
		{474079AB-29E8-4851-A770-F49DE286B039}.AppStore|Any CPU.ActiveCfg = AppStore|iPhone
		{474079AB-29E8-4851-A770-F49DE286B039}.AppStore|Any CPU.Build.0 = AppStore|iPhone
		{474079AB-29E8-4851-A770-F49DE286B039}.AppStore|Any CPU.Deploy.0 = AppStore|iPhone
		{474079AB-29E8-4851-A770-F49DE286B039}.AppStore|ARM.ActiveCfg = AppStore|iPhone
		{474079AB-29E8-4851-A770-F49DE286B039}.AppStore|ARM.Build.0 = AppStore|iPhone
		{474079AB-29E8-4851-A770-F49DE286B039}.AppStore|ARM.Deploy.0 = AppStore|iPhone
		{474079AB-29E8-4851-A770-F49DE286B039}.AppStore|iPhone.ActiveCfg = AppStore|iPhone
		{474079AB-29E8-4851-A770-F49DE286B039}.AppStore|iPhone.Build.0 = AppStore|iPhone
		{474079AB-29E8-4851-A770-F49DE286B039}.AppStore|iPhone.Deploy.0 = AppStore|iPhone
		{474079AB-29E8-4851-A770-F49DE286B039}.AppStore|iPhoneSimulator.ActiveCfg = AppStore|iPhoneSimulator
		{474079AB-29E8-4851-A770-F49DE286B039}.AppStore|iPhoneSimulator.Build.0 = AppStore|iPhoneSimulator
		{474079AB-29E8-4851-A770-F49DE286B039}.AppStore|iPhoneSimulator.Deploy.0 = AppStore|iPhoneSimulator
		{474079AB-29E8-4851-A770-F49DE286B039}.AppStore|x64.ActiveCfg = AppStore|iPhone
		{474079AB-29E8-4851-A770-F49DE286B039}.AppStore|x64.Build.0 = AppStore|iPhone
		{474079AB-29E8-4851-A770-F49DE286B039}.AppStore|x64.Deploy.0 = AppStore|iPhone
		{474079AB-29E8-4851-A770-F49DE286B039}.AppStore|x86.ActiveCfg = AppStore|iPhone
		{474079AB-29E8-4851-A770-F49DE286B039}.AppStore|x86.Build.0 = AppStore|iPhone
		{474079AB-29E8-4851-A770-F49DE286B039}.AppStore|x86.Deploy.0 = AppStore|iPhone
		{474079AB-29E8-4851-A770-F49DE286B039}.Debug|Any CPU.ActiveCfg = Debug|iPhoneSimulator
		{474079AB-29E8-4851-A770-F49DE286B039}.Debug|Any CPU.Build.0 = Debug|iPhoneSimulator
		{474079AB-29E8-4851-A770-F49DE286B039}.Debug|Any CPU.Deploy.0 = Debug|iPhoneSimulator
		{474079AB-29E8-4851-A770-F49DE286B039}.Debug|ARM.ActiveCfg = Debug|iPhone
		{474079AB-29E8-4851-A770-F49DE286B039}.Debug|ARM.Build.0 = Debug|iPhone
		{474079AB-29E8-4851-A770-F49DE286B039}.Debug|ARM.Deploy.0 = Debug|iPhone
		{474079AB-29E8-4851-A770-F49DE286B039}.Debug|iPhone.ActiveCfg = Debug|iPhone
		{474079AB-29E8-4851-A770-F49DE286B039}.Debug|iPhone.Build.0 = Debug|iPhone
		{474079AB-29E8-4851-A770-F49DE286B039}.Debug|iPhone.Deploy.0 = Debug|iPhone
		{474079AB-29E8-4851-A770-F49DE286B039}.Debug|iPhoneSimulator.ActiveCfg = Debug|iPhoneSimulator
		{474079AB-29E8-4851-A770-F49DE286B039}.Debug|iPhoneSimulator.Build.0 = Debug|iPhoneSimulator
		{474079AB-29E8-4851-A770-F49DE286B039}.Debug|iPhoneSimulator.Deploy.0 = Debug|iPhoneSimulator
		{474079AB-29E8-4851-A770-F49DE286B039}.Debug|x64.ActiveCfg = Debug|iPhone
		{474079AB-29E8-4851-A770-F49DE286B039}.Debug|x64.Build.0 = Debug|iPhone
		{474079AB-29E8-4851-A770-F49DE286B039}.Debug|x64.Deploy.0 = Debug|iPhone
		{474079AB-29E8-4851-A770-F49DE286B039}.Debug|x86.ActiveCfg = Debug|iPhone
		{474079AB-29E8-4851-A770-F49DE286B039}.Debug|x86.Build.0 = Debug|iPhone
		{474079AB-29E8-4851-A770-F49DE286B039}.Debug|x86.Deploy.0 = Debug|iPhone
		{474079AB-29E8-4851-A770-F49DE286B039}.Release|Any CPU.ActiveCfg = Release|iPhone
		{474079AB-29E8-4851-A770-F49DE286B039}.Release|Any CPU.Build.0 = Release|iPhone
		{474079AB-29E8-4851-A770-F49DE286B039}.Release|Any CPU.Deploy.0 = Release|iPhone
		{474079AB-29E8-4851-A770-F49DE286B039}.Release|ARM.ActiveCfg = Release|iPhone
		{474079AB-29E8-4851-A770-F49DE286B039}.Release|ARM.Build.0 = Release|iPhone
		{474079AB-29E8-4851-A770-F49DE286B039}.Release|ARM.Deploy.0 = Release|iPhone
		{474079AB-29E8-4851-A770-F49DE286B039}.Release|iPhone.ActiveCfg = Release|iPhone
		{474079AB-29E8-4851-A770-F49DE286B039}.Release|iPhone.Build.0 = Release|iPhone
		{474079AB-29E8-4851-A770-F49DE286B039}.Release|iPhone.Deploy.0 = Release|iPhone
		{474079AB-29E8-4851-A770-F49DE286B039}.Release|iPhoneSimulator.ActiveCfg = Release|iPhoneSimulator
		{474079AB-29E8-4851-A770-F49DE286B039}.Release|iPhoneSimulator.Build.0 = Release|iPhoneSimulator
		{474079AB-29E8-4851-A770-F49DE286B039}.Release|iPhoneSimulator.Deploy.0 = Release|iPhoneSimulator
		{474079AB-29E8-4851-A770-F49DE286B039}.Release|x64.ActiveCfg = Release|iPhone
		{474079AB-29E8-4851-A770-F49DE286B039}.Release|x64.Build.0 = Release|iPhone
		{474079AB-29E8-4851-A770-F49DE286B039}.Release|x64.Deploy.0 = Release|iPhone
		{474079AB-29E8-4851-A770-F49DE286B039}.Release|x86.ActiveCfg = Release|iPhone
		{474079AB-29E8-4851-A770-F49DE286B039}.Release|x86.Build.0 = Release|iPhone
		{474079AB-29E8-4851-A770-F49DE286B039}.Release|x86.Deploy.0 = Release|iPhone
		{38DCA4E4-1E6A-4C09-9F7F-848A4B9B5E52}.Ad-Hoc|Any CPU.ActiveCfg = Release|x86
		{38DCA4E4-1E6A-4C09-9F7F-848A4B9B5E52}.Ad-Hoc|Any CPU.Build.0 = Release|x86
		{38DCA4E4-1E6A-4C09-9F7F-848A4B9B5E52}.Ad-Hoc|Any CPU.Deploy.0 = Release|x86
		{38DCA4E4-1E6A-4C09-9F7F-848A4B9B5E52}.Ad-Hoc|ARM.ActiveCfg = Release|ARM
		{38DCA4E4-1E6A-4C09-9F7F-848A4B9B5E52}.Ad-Hoc|ARM.Build.0 = Release|ARM
		{38DCA4E4-1E6A-4C09-9F7F-848A4B9B5E52}.Ad-Hoc|ARM.Deploy.0 = Release|ARM
		{38DCA4E4-1E6A-4C09-9F7F-848A4B9B5E52}.Ad-Hoc|iPhone.ActiveCfg = Release|x86
		{38DCA4E4-1E6A-4C09-9F7F-848A4B9B5E52}.Ad-Hoc|iPhone.Build.0 = Release|x86
		{38DCA4E4-1E6A-4C09-9F7F-848A4B9B5E52}.Ad-Hoc|iPhone.Deploy.0 = Release|x86
		{38DCA4E4-1E6A-4C09-9F7F-848A4B9B5E52}.Ad-Hoc|iPhoneSimulator.ActiveCfg = Release|x86
		{38DCA4E4-1E6A-4C09-9F7F-848A4B9B5E52}.Ad-Hoc|iPhoneSimulator.Build.0 = Release|x86
		{38DCA4E4-1E6A-4C09-9F7F-848A4B9B5E52}.Ad-Hoc|iPhoneSimulator.Deploy.0 = Release|x86
		{38DCA4E4-1E6A-4C09-9F7F-848A4B9B5E52}.Ad-Hoc|x64.ActiveCfg = Release|x64
		{38DCA4E4-1E6A-4C09-9F7F-848A4B9B5E52}.Ad-Hoc|x64.Build.0 = Release|x64
		{38DCA4E4-1E6A-4C09-9F7F-848A4B9B5E52}.Ad-Hoc|x64.Deploy.0 = Release|x64
		{38DCA4E4-1E6A-4C09-9F7F-848A4B9B5E52}.Ad-Hoc|x86.ActiveCfg = Release|x86
		{38DCA4E4-1E6A-4C09-9F7F-848A4B9B5E52}.Ad-Hoc|x86.Build.0 = Release|x86
		{38DCA4E4-1E6A-4C09-9F7F-848A4B9B5E52}.Ad-Hoc|x86.Deploy.0 = Release|x86
		{38DCA4E4-1E6A-4C09-9F7F-848A4B9B5E52}.AppStore|Any CPU.ActiveCfg = Release|x86
		{38DCA4E4-1E6A-4C09-9F7F-848A4B9B5E52}.AppStore|Any CPU.Build.0 = Release|x86
		{38DCA4E4-1E6A-4C09-9F7F-848A4B9B5E52}.AppStore|Any CPU.Deploy.0 = Release|x86
		{38DCA4E4-1E6A-4C09-9F7F-848A4B9B5E52}.AppStore|ARM.ActiveCfg = Release|ARM
		{38DCA4E4-1E6A-4C09-9F7F-848A4B9B5E52}.AppStore|ARM.Build.0 = Release|ARM
		{38DCA4E4-1E6A-4C09-9F7F-848A4B9B5E52}.AppStore|ARM.Deploy.0 = Release|ARM
		{38DCA4E4-1E6A-4C09-9F7F-848A4B9B5E52}.AppStore|iPhone.ActiveCfg = Release|x86
		{38DCA4E4-1E6A-4C09-9F7F-848A4B9B5E52}.AppStore|iPhone.Build.0 = Release|x86
		{38DCA4E4-1E6A-4C09-9F7F-848A4B9B5E52}.AppStore|iPhone.Deploy.0 = Release|x86
		{38DCA4E4-1E6A-4C09-9F7F-848A4B9B5E52}.AppStore|iPhoneSimulator.ActiveCfg = Release|x86
		{38DCA4E4-1E6A-4C09-9F7F-848A4B9B5E52}.AppStore|iPhoneSimulator.Build.0 = Release|x86
		{38DCA4E4-1E6A-4C09-9F7F-848A4B9B5E52}.AppStore|iPhoneSimulator.Deploy.0 = Release|x86
		{38DCA4E4-1E6A-4C09-9F7F-848A4B9B5E52}.AppStore|x64.ActiveCfg = Release|x64
		{38DCA4E4-1E6A-4C09-9F7F-848A4B9B5E52}.AppStore|x64.Build.0 = Release|x64
		{38DCA4E4-1E6A-4C09-9F7F-848A4B9B5E52}.AppStore|x64.Deploy.0 = Release|x64
		{38DCA4E4-1E6A-4C09-9F7F-848A4B9B5E52}.AppStore|x86.ActiveCfg = Release|x86
		{38DCA4E4-1E6A-4C09-9F7F-848A4B9B5E52}.AppStore|x86.Build.0 = Release|x86
		{38DCA4E4-1E6A-4C09-9F7F-848A4B9B5E52}.AppStore|x86.Deploy.0 = Release|x86
		{38DCA4E4-1E6A-4C09-9F7F-848A4B9B5E52}.Debug|Any CPU.ActiveCfg = Debug|x86
		{38DCA4E4-1E6A-4C09-9F7F-848A4B9B5E52}.Debug|Any CPU.Build.0 = Debug|x86
		{38DCA4E4-1E6A-4C09-9F7F-848A4B9B5E52}.Debug|Any CPU.Deploy.0 = Debug|x86
		{38DCA4E4-1E6A-4C09-9F7F-848A4B9B5E52}.Debug|ARM.ActiveCfg = Debug|ARM
		{38DCA4E4-1E6A-4C09-9F7F-848A4B9B5E52}.Debug|ARM.Build.0 = Debug|ARM
		{38DCA4E4-1E6A-4C09-9F7F-848A4B9B5E52}.Debug|ARM.Deploy.0 = Debug|ARM
		{38DCA4E4-1E6A-4C09-9F7F-848A4B9B5E52}.Debug|iPhone.ActiveCfg = Debug|x86
		{38DCA4E4-1E6A-4C09-9F7F-848A4B9B5E52}.Debug|iPhone.Build.0 = Debug|x86
		{38DCA4E4-1E6A-4C09-9F7F-848A4B9B5E52}.Debug|iPhone.Deploy.0 = Debug|x86
		{38DCA4E4-1E6A-4C09-9F7F-848A4B9B5E52}.Debug|iPhoneSimulator.ActiveCfg = Debug|x86
		{38DCA4E4-1E6A-4C09-9F7F-848A4B9B5E52}.Debug|iPhoneSimulator.Build.0 = Debug|x86
		{38DCA4E4-1E6A-4C09-9F7F-848A4B9B5E52}.Debug|iPhoneSimulator.Deploy.0 = Debug|x86
		{38DCA4E4-1E6A-4C09-9F7F-848A4B9B5E52}.Debug|x64.ActiveCfg = Debug|x64
		{38DCA4E4-1E6A-4C09-9F7F-848A4B9B5E52}.Debug|x64.Build.0 = Debug|x64
		{38DCA4E4-1E6A-4C09-9F7F-848A4B9B5E52}.Debug|x64.Deploy.0 = Debug|x64
		{38DCA4E4-1E6A-4C09-9F7F-848A4B9B5E52}.Debug|x86.ActiveCfg = Debug|x86
		{38DCA4E4-1E6A-4C09-9F7F-848A4B9B5E52}.Debug|x86.Build.0 = Debug|x86
		{38DCA4E4-1E6A-4C09-9F7F-848A4B9B5E52}.Debug|x86.Deploy.0 = Debug|x86
		{38DCA4E4-1E6A-4C09-9F7F-848A4B9B5E52}.Release|Any CPU.ActiveCfg = Release|x86
		{38DCA4E4-1E6A-4C09-9F7F-848A4B9B5E52}.Release|Any CPU.Build.0 = Release|x86
		{38DCA4E4-1E6A-4C09-9F7F-848A4B9B5E52}.Release|Any CPU.Deploy.0 = Release|x86
		{38DCA4E4-1E6A-4C09-9F7F-848A4B9B5E52}.Release|ARM.ActiveCfg = Release|ARM
		{38DCA4E4-1E6A-4C09-9F7F-848A4B9B5E52}.Release|ARM.Build.0 = Release|ARM
		{38DCA4E4-1E6A-4C09-9F7F-848A4B9B5E52}.Release|ARM.Deploy.0 = Release|ARM
		{38DCA4E4-1E6A-4C09-9F7F-848A4B9B5E52}.Release|iPhone.ActiveCfg = Release|x86
		{38DCA4E4-1E6A-4C09-9F7F-848A4B9B5E52}.Release|iPhone.Build.0 = Release|x86
		{38DCA4E4-1E6A-4C09-9F7F-848A4B9B5E52}.Release|iPhone.Deploy.0 = Release|x86
		{38DCA4E4-1E6A-4C09-9F7F-848A4B9B5E52}.Release|iPhoneSimulator.ActiveCfg = Release|x86
		{38DCA4E4-1E6A-4C09-9F7F-848A4B9B5E52}.Release|iPhoneSimulator.Build.0 = Release|x86
		{38DCA4E4-1E6A-4C09-9F7F-848A4B9B5E52}.Release|iPhoneSimulator.Deploy.0 = Release|x86
		{38DCA4E4-1E6A-4C09-9F7F-848A4B9B5E52}.Release|x64.ActiveCfg = Release|x64
		{38DCA4E4-1E6A-4C09-9F7F-848A4B9B5E52}.Release|x64.Build.0 = Release|x64
		{38DCA4E4-1E6A-4C09-9F7F-848A4B9B5E52}.Release|x64.Deploy.0 = Release|x64
		{38DCA4E4-1E6A-4C09-9F7F-848A4B9B5E52}.Release|x86.ActiveCfg = Release|x86
		{38DCA4E4-1E6A-4C09-9F7F-848A4B9B5E52}.Release|x86.Build.0 = Release|x86
		{38DCA4E4-1E6A-4C09-9F7F-848A4B9B5E52}.Release|x86.Deploy.0 = Release|x86
		{E9C97480-FDBD-4C49-AC95-17CD493D51FC}.Ad-Hoc|Any CPU.ActiveCfg = Debug|Any CPU
		{E9C97480-FDBD-4C49-AC95-17CD493D51FC}.Ad-Hoc|Any CPU.Build.0 = Debug|Any CPU
		{E9C97480-FDBD-4C49-AC95-17CD493D51FC}.Ad-Hoc|Any CPU.Deploy.0 = Debug|Any CPU
		{E9C97480-FDBD-4C49-AC95-17CD493D51FC}.Ad-Hoc|ARM.ActiveCfg = Debug|Any CPU
		{E9C97480-FDBD-4C49-AC95-17CD493D51FC}.Ad-Hoc|ARM.Build.0 = Debug|Any CPU
		{E9C97480-FDBD-4C49-AC95-17CD493D51FC}.Ad-Hoc|ARM.Deploy.0 = Debug|Any CPU
		{E9C97480-FDBD-4C49-AC95-17CD493D51FC}.Ad-Hoc|iPhone.ActiveCfg = Debug|Any CPU
		{E9C97480-FDBD-4C49-AC95-17CD493D51FC}.Ad-Hoc|iPhone.Build.0 = Debug|Any CPU
		{E9C97480-FDBD-4C49-AC95-17CD493D51FC}.Ad-Hoc|iPhone.Deploy.0 = Debug|Any CPU
		{E9C97480-FDBD-4C49-AC95-17CD493D51FC}.Ad-Hoc|iPhoneSimulator.ActiveCfg = Debug|Any CPU
		{E9C97480-FDBD-4C49-AC95-17CD493D51FC}.Ad-Hoc|iPhoneSimulator.Build.0 = Debug|Any CPU
		{E9C97480-FDBD-4C49-AC95-17CD493D51FC}.Ad-Hoc|iPhoneSimulator.Deploy.0 = Debug|Any CPU
		{E9C97480-FDBD-4C49-AC95-17CD493D51FC}.Ad-Hoc|x64.ActiveCfg = Debug|Any CPU
		{E9C97480-FDBD-4C49-AC95-17CD493D51FC}.Ad-Hoc|x64.Build.0 = Debug|Any CPU
		{E9C97480-FDBD-4C49-AC95-17CD493D51FC}.Ad-Hoc|x64.Deploy.0 = Debug|Any CPU
		{E9C97480-FDBD-4C49-AC95-17CD493D51FC}.Ad-Hoc|x86.ActiveCfg = Debug|Any CPU
		{E9C97480-FDBD-4C49-AC95-17CD493D51FC}.Ad-Hoc|x86.Build.0 = Debug|Any CPU
		{E9C97480-FDBD-4C49-AC95-17CD493D51FC}.Ad-Hoc|x86.Deploy.0 = Debug|Any CPU
		{E9C97480-FDBD-4C49-AC95-17CD493D51FC}.AppStore|Any CPU.ActiveCfg = Debug|Any CPU
		{E9C97480-FDBD-4C49-AC95-17CD493D51FC}.AppStore|Any CPU.Build.0 = Debug|Any CPU
		{E9C97480-FDBD-4C49-AC95-17CD493D51FC}.AppStore|Any CPU.Deploy.0 = Debug|Any CPU
		{E9C97480-FDBD-4C49-AC95-17CD493D51FC}.AppStore|ARM.ActiveCfg = Debug|Any CPU
		{E9C97480-FDBD-4C49-AC95-17CD493D51FC}.AppStore|ARM.Build.0 = Debug|Any CPU
		{E9C97480-FDBD-4C49-AC95-17CD493D51FC}.AppStore|ARM.Deploy.0 = Debug|Any CPU
		{E9C97480-FDBD-4C49-AC95-17CD493D51FC}.AppStore|iPhone.ActiveCfg = Debug|Any CPU
		{E9C97480-FDBD-4C49-AC95-17CD493D51FC}.AppStore|iPhone.Build.0 = Debug|Any CPU
		{E9C97480-FDBD-4C49-AC95-17CD493D51FC}.AppStore|iPhone.Deploy.0 = Debug|Any CPU
		{E9C97480-FDBD-4C49-AC95-17CD493D51FC}.AppStore|iPhoneSimulator.ActiveCfg = Debug|Any CPU
		{E9C97480-FDBD-4C49-AC95-17CD493D51FC}.AppStore|iPhoneSimulator.Build.0 = Debug|Any CPU
		{E9C97480-FDBD-4C49-AC95-17CD493D51FC}.AppStore|iPhoneSimulator.Deploy.0 = Debug|Any CPU
		{E9C97480-FDBD-4C49-AC95-17CD493D51FC}.AppStore|x64.ActiveCfg = Debug|Any CPU
		{E9C97480-FDBD-4C49-AC95-17CD493D51FC}.AppStore|x64.Build.0 = Debug|Any CPU
		{E9C97480-FDBD-4C49-AC95-17CD493D51FC}.AppStore|x64.Deploy.0 = Debug|Any CPU
		{E9C97480-FDBD-4C49-AC95-17CD493D51FC}.AppStore|x86.ActiveCfg = Debug|Any CPU
		{E9C97480-FDBD-4C49-AC95-17CD493D51FC}.AppStore|x86.Build.0 = Debug|Any CPU
		{E9C97480-FDBD-4C49-AC95-17CD493D51FC}.AppStore|x86.Deploy.0 = Debug|Any CPU
		{E9C97480-FDBD-4C49-AC95-17CD493D51FC}.Debug|Any CPU.ActiveCfg = Debug|Any CPU
		{E9C97480-FDBD-4C49-AC95-17CD493D51FC}.Debug|Any CPU.Build.0 = Debug|Any CPU
		{E9C97480-FDBD-4C49-AC95-17CD493D51FC}.Debug|Any CPU.Deploy.0 = Debug|Any CPU
		{E9C97480-FDBD-4C49-AC95-17CD493D51FC}.Debug|ARM.ActiveCfg = Debug|Any CPU
		{E9C97480-FDBD-4C49-AC95-17CD493D51FC}.Debug|ARM.Build.0 = Debug|Any CPU
		{E9C97480-FDBD-4C49-AC95-17CD493D51FC}.Debug|ARM.Deploy.0 = Debug|Any CPU
		{E9C97480-FDBD-4C49-AC95-17CD493D51FC}.Debug|iPhone.ActiveCfg = Debug|Any CPU
		{E9C97480-FDBD-4C49-AC95-17CD493D51FC}.Debug|iPhone.Build.0 = Debug|Any CPU
		{E9C97480-FDBD-4C49-AC95-17CD493D51FC}.Debug|iPhone.Deploy.0 = Debug|Any CPU
		{E9C97480-FDBD-4C49-AC95-17CD493D51FC}.Debug|iPhoneSimulator.ActiveCfg = Debug|Any CPU
		{E9C97480-FDBD-4C49-AC95-17CD493D51FC}.Debug|iPhoneSimulator.Build.0 = Debug|Any CPU
		{E9C97480-FDBD-4C49-AC95-17CD493D51FC}.Debug|iPhoneSimulator.Deploy.0 = Debug|Any CPU
		{E9C97480-FDBD-4C49-AC95-17CD493D51FC}.Debug|x64.ActiveCfg = Debug|Any CPU
		{E9C97480-FDBD-4C49-AC95-17CD493D51FC}.Debug|x64.Build.0 = Debug|Any CPU
		{E9C97480-FDBD-4C49-AC95-17CD493D51FC}.Debug|x64.Deploy.0 = Debug|Any CPU
		{E9C97480-FDBD-4C49-AC95-17CD493D51FC}.Debug|x86.ActiveCfg = Debug|Any CPU
		{E9C97480-FDBD-4C49-AC95-17CD493D51FC}.Debug|x86.Build.0 = Debug|Any CPU
		{E9C97480-FDBD-4C49-AC95-17CD493D51FC}.Debug|x86.Deploy.0 = Debug|Any CPU
		{E9C97480-FDBD-4C49-AC95-17CD493D51FC}.Release|Any CPU.ActiveCfg = Release|Any CPU
		{E9C97480-FDBD-4C49-AC95-17CD493D51FC}.Release|Any CPU.Build.0 = Release|Any CPU
		{E9C97480-FDBD-4C49-AC95-17CD493D51FC}.Release|Any CPU.Deploy.0 = Release|Any CPU
		{E9C97480-FDBD-4C49-AC95-17CD493D51FC}.Release|ARM.ActiveCfg = Release|Any CPU
		{E9C97480-FDBD-4C49-AC95-17CD493D51FC}.Release|ARM.Build.0 = Release|Any CPU
		{E9C97480-FDBD-4C49-AC95-17CD493D51FC}.Release|ARM.Deploy.0 = Release|Any CPU
		{E9C97480-FDBD-4C49-AC95-17CD493D51FC}.Release|iPhone.ActiveCfg = Release|Any CPU
		{E9C97480-FDBD-4C49-AC95-17CD493D51FC}.Release|iPhone.Build.0 = Release|Any CPU
		{E9C97480-FDBD-4C49-AC95-17CD493D51FC}.Release|iPhone.Deploy.0 = Release|Any CPU
		{E9C97480-FDBD-4C49-AC95-17CD493D51FC}.Release|iPhoneSimulator.ActiveCfg = Release|Any CPU
		{E9C97480-FDBD-4C49-AC95-17CD493D51FC}.Release|iPhoneSimulator.Build.0 = Release|Any CPU
		{E9C97480-FDBD-4C49-AC95-17CD493D51FC}.Release|iPhoneSimulator.Deploy.0 = Release|Any CPU
		{E9C97480-FDBD-4C49-AC95-17CD493D51FC}.Release|x64.ActiveCfg = Release|Any CPU
		{E9C97480-FDBD-4C49-AC95-17CD493D51FC}.Release|x64.Build.0 = Release|Any CPU
		{E9C97480-FDBD-4C49-AC95-17CD493D51FC}.Release|x64.Deploy.0 = Release|Any CPU
		{E9C97480-FDBD-4C49-AC95-17CD493D51FC}.Release|x86.ActiveCfg = Release|Any CPU
		{E9C97480-FDBD-4C49-AC95-17CD493D51FC}.Release|x86.Build.0 = Release|Any CPU
		{E9C97480-FDBD-4C49-AC95-17CD493D51FC}.Release|x86.Deploy.0 = Release|Any CPU
	EndGlobalSection
	GlobalSection(SolutionProperties) = preSolution
		HideSolutionNode = FALSE
	EndGlobalSection
	GlobalSection(ExtensibilityGlobals) = postSolution
		SolutionGuid = {D9354A0E-C39C-449B-B078-06768EDC78AA}
	EndGlobalSection
EndGlobal
